
Microsoft Visual Studio Solution File, Format Version 12.00
# Visual Studio Version 16
VisualStudioVersion = 16.0.29519.87
MinimumVisualStudioVersion = 10.0.40219.1
Project("{FAE04EC0-301F-11D3-BF4B-00C04F79EFBC}") = "Project1", "Project1\Project1.csproj", "{9D1BB489-D1E7-4927-BD72-ED16072FD0DC}"
EndProject
Global
	GlobalSection(SolutionConfigurationPlatforms) = preSolution
		Debug|Any CPU = Debug|Any CPU
		Release|Any CPU = Release|Any CPU
	EndGlobalSection
	GlobalSection(ProjectConfigurationPlatforms) = postSolution
		{9D1BB489-D1E7-4927-BD72-ED16072FD0DC}.Debug|Any CPU.ActiveCfg = Debug|Any CPU
		{9D1BB489-D1E7-4927-BD72-ED16072FD0DC}.Debug|Any CPU.Build.0 = Debug|Any CPU
		{9D1BB489-D1E7-4927-BD72-ED16072FD0DC}.Release|Any CPU.ActiveCfg = Release|Any CPU
		{9D1BB489-D1E7-4927-BD72-ED16072FD0DC}.Release|Any CPU.Build.0 = Release|Any CPU
	EndGlobalSection
	GlobalSection(SolutionProperties) = preSolution
		HideSolutionNode = FALSE
	EndGlobalSection
	GlobalSection(ExtensibilityGlobals) = postSolution
		SolutionGuid = {92E989C0-5CBA-4BF6-B50B-5762B12C4042}
	EndGlobalSection
EndGlobal
